Microsoft Visual Studio Solution File, Format Version 12.00
# Visual Studio 2012
Project("{FAE04EC0-301F-11D3-BF4B-00C04F79EFBC}") = "So You WANNA Jam 2025", "So You WANNA Jam 2025.csproj", "{34592D92-C786-4904-9541-6D592E332EE0}"
EndProject
Global
	GlobalSection(SolutionConfigurationPlatforms) = preSolution
	Debug|Any CPU = Debug|Any CPU
	ExportDebug|Any CPU = ExportDebug|Any CPU
	ExportRelease|Any CPU = ExportRelease|Any CPU
	EndGlobalSection
	GlobalSection(ProjectConfigurationPlatforms) = postSolution
		{34592D92-C786-4904-9541-6D592E332EE0}.Debug|Any CPU.ActiveCfg = Debug|Any CPU
		{34592D92-C786-4904-9541-6D592E332EE0}.Debug|Any CPU.Build.0 = Debug|Any CPU
		{34592D92-C786-4904-9541-6D592E332EE0}.ExportDebug|Any CPU.ActiveCfg = ExportDebug|Any CPU
		{34592D92-C786-4904-9541-6D592E332EE0}.ExportDebug|Any CPU.Build.0 = ExportDebug|Any CPU
		{34592D92-C786-4904-9541-6D592E332EE0}.ExportRelease|Any CPU.ActiveCfg = ExportRelease|Any CPU
		{34592D92-C786-4904-9541-6D592E332EE0}.ExportRelease|Any CPU.Build.0 = ExportRelease|Any CPU
	EndGlobalSection
EndGlobal
